// !$*UTF8*$!
{
	archiveVersion = 1;
	classes = {
	};
	objectVersion = 48;
	objects = {

/* Begin PBXBuildFile section */
		4C1B52AA1FE261C40051AAEA /* KiQRCodeViewController.swift in Sources */ = {isa = PBXBuildFile; fileRef = 4C1B52A91FE261C40051AAEA /* KiQRCodeViewController.swift */; };
		4C5D87D41FE2502A00D42257 /* AppDelegate.swift in Sources */ = {isa = PBXBuildFile; fileRef = 4C5D87D31FE2502A00D42257 /* AppDelegate.swift */; };
		4C5D87D61FE2502A00D42257 /* ViewController.swift in Sources */ = {isa = PBXBuildFile; fileRef = 4C5D87D51FE2502A00D42257 /* ViewController.swift */; };
		4C5D87D91FE2502A00D42257 /* Main.storyboard in Resources */ = {isa = PBXBuildFile; fileRef = 4C5D87D71FE2502A00D42257 /* Main.storyboard */; };
		4C5D87DB1FE2502A00D42257 /* Assets.xcassets in Resources */ = {isa = PBXBuildFile; fileRef = 4C5D87DA1FE2502A00D42257 /* Assets.xcassets */; };
		4C5D87DE1FE2502A00D42257 /* LaunchScreen.storyboard in Resources */ = {isa = PBXBuildFile; fileRef = 4C5D87DC1FE2502A00D42257 /* LaunchScreen.storyboard */; };
		4C5D87E91FE2502A00D42257 /* KiQRCodeToolTests.swift in Sources */ = {isa = PBXBuildFile; fileRef = 4C5D87E81FE2502A00D42257 /* KiQRCodeToolTests.swift */; };
		4C5D87F41FE2502B00D42257 /* KiQRCodeToolUITests.swift in Sources */ = {isa = PBXBuildFile; fileRef = 4C5D87F31FE2502B00D42257 /* KiQRCodeToolUITests.swift */; };
		4C5D88031FE2507C00D42257 /* KiQRCodeView.swift in Sources */ = {isa = PBXBuildFile; fileRef = 4C5D88021FE2507C00D42257 /* KiQRCodeView.swift */; };
/* End PBXBuildFile section */

/* Begin PBXContainerItemProxy section */
		4C5D87E51FE2502A00D42257 /* PBXContainerItemProxy */ = {
			isa = PBXContainerItemProxy;
			containerPortal = 4C5D87C81FE2502A00D42257 /* Project object */;
			proxyType = 1;
			remoteGlobalIDString = 4C5D87CF1FE2502A00D42257;
			remoteInfo = KiQRCodeTool;
		};
		4C5D87F01FE2502B00D42257 /* PBXContainerItemProxy */ = {
			isa = PBXContainerItemProxy;
			containerPortal = 4C5D87C81FE2502A00D42257 /* Project object */;
			proxyType = 1;
			remoteGlobalIDString = 4C5D87CF1FE2502A00D42257;
			remoteInfo = KiQRCodeTool;
		};
/* End PBXContainerItemProxy section */

/* Begin PBXFileReference section */
		4C1B52A91FE261C40051AAEA /* KiQRCodeViewController.swift */ = {isa = PBXFileReference; lastKnownFileType = sourcecode.swift; path = KiQRCodeViewController.swift; sourceTree = "<group>"; };
		4C5D87D01FE2502A00D42257 /* KiQRCodeTool.app */ = {isa = PBXFileReference; explicitFileType = wrapper.application; includeInIndex = 0; path = KiQRCodeTool.app; sourceTree = BUILT_PRODUCTS_DIR; };
		4C5D87D31FE2502A00D42257 /* AppDelegate.swift */ = {isa = PBXFileReference; lastKnownFileType = sourcecode.swift; path = AppDelegate.swift; sourceTree = "<group>"; };
		4C5D87D51FE2502A00D42257 /* ViewController.swift */ = {isa = PBXFileReference; lastKnownFileType = sourcecode.swift; path = ViewController.swift; sourceTree = "<group>"; };
		4C5D87D81FE2502A00D42257 /* Base */ = {isa = PBXFileReference; lastKnownFileType = file.storyboard; name = Base; path = Base.lproj/Main.storyboard; sourceTree = "<group>"; };
		4C5D87DA1FE2502A00D42257 /* Assets.xcassets */ = {isa = PBXFileReference; lastKnownFileType = folder.assetcatalog; path = Assets.xcassets; sourceTree = "<group>"; };
		4C5D87DD1FE2502A00D42257 /* Base */ = {isa = PBXFileReference; lastKnownFileType = file.storyboard; name = Base; path = Base.lproj/LaunchScreen.storyboard; sourceTree = "<group>"; };
		4C5D87DF1FE2502A00D42257 /* Info.plist */ = {isa = PBXFileReference; lastKnownFileType = text.plist.xml; path = Info.plist; sourceTree = "<group>"; };
		4C5D87E41FE2502A00D42257 /* KiQRCodeToolTests.xctest */ = {isa = PBXFileReference; explicitFileType = wrapper.cfbundle; includeInIndex = 0; path = KiQRCodeToolTests.xctest; sourceTree = BUILT_PRODUCTS_DIR; };
		4C5D87E81FE2502A00D42257 /* KiQRCodeToolTests.swift */ = {isa = PBXFileReference; lastKnownFileType = sourcecode.swift; path = KiQRCodeToolTests.swift; sourceTree = "<group>"; };
		4C5D87EA1FE2502A00D42257 /* Info.plist */ = {isa = PBXFileReference; lastKnownFileType = text.plist.xml; path = Info.plist; sourceTree = "<group>"; };
		4C5D87EF1FE2502B00D42257 /* KiQRCodeToolUITests.xctest */ = {isa = PBXFileReference; explicitFileType = wrapper.cfbundle; includeInIndex = 0; path = KiQRCodeToolUITests.xctest; sourceTree = BUILT_PRODUCTS_DIR; };
		4C5D87F31FE2502B00D42257 /* KiQRCodeToolUITests.swift */ = {isa = PBXFileReference; lastKnownFileType = sourcecode.swift; path = KiQRCodeToolUITests.swift; sourceTree = "<group>"; };
		4C5D87F51FE2502B00D42257 /* Info.plist */ = {isa = PBXFileReference; lastKnownFileType = text.plist.xml; path = Info.plist; sourceTree = "<group>"; };
		4C5D88021FE2507C00D42257 /* KiQRCodeView.swift */ = {isa = PBXFileReference; lastKnownFileType = sourcecode.swift; path = KiQRCodeView.swift; sourceTree = "<group>"; };
/* End PBXFileReference section */

/* Begin PBXFrameworksBuildPhase section */
		4C5D87CD1FE2502A00D42257 /* Frameworks */ = {
			isa = PBXFrameworksBuildPhase;
			buildActionMask = 2147483647;
			files = (
			);
			runOnlyForDeploymentPostprocessing = 0;
		};
		4C5D87E11FE2502A00D42257 /* Frameworks */ = {
			isa = PBXFrameworksBuildPhase;
			buildActionMask = 2147483647;
			files = (
			);
			runOnlyForDeploymentPostprocessing = 0;
		};
		4C5D87EC1FE2502B00D42257 /* Frameworks */ = {
			isa = PBXFrameworksBuildPhase;
			buildActionMask = 2147483647;
			files = (
			);
			runOnlyForDeploymentPostprocessing = 0;
		};
/* End PBXFrameworksBuildPhase section */

/* Begin PBXGroup section */
		4C5D87C71FE2502A00D42257 = {
			isa = PBXGroup;
			children = (
				4C5D87D21FE2502A00D42257 /* KiQRCodeTool */,
				4C5D87E71FE2502A00D42257 /* KiQRCodeToolTests */,
				4C5D87F21FE2502B00D42257 /* KiQRCodeToolUITests */,
				4C5D87D11FE2502A00D42257 /* Products */,
			);
			sourceTree = "<group>";
		};
		4C5D87D11FE2502A00D42257 /* Products */ = {
			isa = PBXGroup;
			children = (
				4C5D87D01FE2502A00D42257 /* KiQRCodeTool.app */,
				4C5D87E41FE2502A00D42257 /* KiQRCodeToolTests.xctest */,
				4C5D87EF1FE2502B00D42257 /* KiQRCodeToolUITests.xctest */,
			);
			name = Products;
			sourceTree = "<group>";
		};
		4C5D87D21FE2502A00D42257 /* KiQRCodeTool */ = {
			isa = PBXGroup;
			children = (
				4C5D88011FE2504200D42257 /* QRCode */,
				4C5D87D31FE2502A00D42257 /* AppDelegate.swift */,
				4C5D87D51FE2502A00D42257 /* ViewController.swift */,
				4C5D87D71FE2502A00D42257 /* Main.storyboard */,
				4C5D87DA1FE2502A00D42257 /* Assets.xcassets */,
				4C5D87DC1FE2502A00D42257 /* LaunchScreen.storyboard */,
				4C5D87DF1FE2502A00D42257 /* Info.plist */,
			);
			path = KiQRCodeTool;
			sourceTree = "<group>";
		};
		4C5D87E71FE2502A00D42257 /* KiQRCodeToolTests */ = {
			isa = PBXGroup;
			children = (
				4C5D87E81FE2502A00D42257 /* KiQRCodeToolTests.swift */,
				4C5D87EA1FE2502A00D42257 /* Info.plist */,
			);
			path = KiQRCodeToolTests;
			sourceTree = "<group>";
		};
		4C5D87F21FE2502B00D42257 /* KiQRCodeToolUITests */ = {
			isa = PBXGroup;
			children = (
				4C5D87F31FE2502B00D42257 /* KiQRCodeToolUITests.swift */,
				4C5D87F51FE2502B00D42257 /* Info.plist */,
			);
			path = KiQRCodeToolUITests;
			sourceTree = "<group>";
		};
		4C5D88011FE2504200D42257 /* QRCode */ = {
			isa = PBXGroup;
			children = (
				4C5D88021FE2507C00D42257 /* KiQRCodeView.swift */,
				4C1B52A91FE261C40051AAEA /* KiQRCodeViewController.swift */,
			);
			path = QRCode;
			sourceTree = "<group>";
		};
/* End PBXGroup section */

/* Begin PBXNativeTarget section */
		4C5D87CF1FE2502A00D42257 /* KiQRCodeTool */ = {
			isa = PBXNativeTarget;
			buildConfigurationList = 4C5D87F81FE2502B00D42257 /* Build configuration list for PBXNativeTarget "KiQRCodeTool" */;
			buildPhases = (
				4C5D87CC1FE2502A00D42257 /* Sources */,
				4C5D87CD1FE2502A00D42257 /* Frameworks */,
				4C5D87CE1FE2502A00D42257 /* Resources */,
			);
			buildRules = (
			);
			dependencies = (
			);
			name = KiQRCodeTool;
			productName = KiQRCodeTool;
			productReference = 4C5D87D01FE2502A00D42257 /* KiQRCodeTool.app */;
			productType = "com.apple.product-type.application";
		};
		4C5D87E31FE2502A00D42257 /* KiQRCodeToolTests */ = {
			isa = PBXNativeTarget;
			buildConfigurationList = 4C5D87FB1FE2502B00D42257 /* Build configuration list for PBXNativeTarget "KiQRCodeToolTests" */;
			buildPhases = (
				4C5D87E01FE2502A00D42257 /* Sources */,
				4C5D87E11FE2502A00D42257 /* Frameworks */,
				4C5D87E21FE2502A00D42257 /* Resources */,
			);
			buildRules = (
			);
			dependencies = (
				4C5D87E61FE2502A00D42257 /* PBXTargetDependency */,
			);
			name = KiQRCodeToolTests;
			productName = KiQRCodeToolTests;
			productReference = 4C5D87E41FE2502A00D42257 /* KiQRCodeToolTests.xctest */;
			productType = "com.apple.product-type.bundle.unit-test";
		};
		4C5D87EE1FE2502B00D42257 /* KiQRCodeToolUITests */ = {
			isa = PBXNativeTarget;
			buildConfigurationList = 4C5D87FE1FE2502B00D42257 /* Build configuration list for PBXNativeTarget "KiQRCodeToolUITests" */;
			buildPhases = (
				4C5D87EB1FE2502B00D42257 /* Sources */,
				4C5D87EC1FE2502B00D42257 /* Frameworks */,
				4C5D87ED1FE2502B00D42257 /* Resources */,
			);
			buildRules = (
			);
			dependencies = (
				4C5D87F11FE2502B00D42257 /* PBXTargetDependency */,
			);
			name = KiQRCodeToolUITests;
			productName = KiQRCodeToolUITests;
			productReference = 4C5D87EF1FE2502B00D42257 /* KiQRCodeToolUITests.xctest */;
			productType = "com.apple.product-type.bundle.ui-testing";
		};
/* End PBXNativeTarget section */

/* Begin PBXProject section */
		4C5D87C81FE2502A00D42257 /* Project object */ = {
			isa = PBXProject;
			attributes = {
				LastSwiftUpdateCheck = 0920;
				LastUpgradeCheck = 0920;
				ORGANIZATIONNAME = "panda誌";
				TargetAttributes = {
					4C5D87CF1FE2502A00D42257 = {
						CreatedOnToolsVersion = 9.2;
						ProvisioningStyle = Automatic;
					};
					4C5D87E31FE2502A00D42257 = {
						CreatedOnToolsVersion = 9.2;
						ProvisioningStyle = Automatic;
						TestTargetID = 4C5D87CF1FE2502A00D42257;
					};
					4C5D87EE1FE2502B00D42257 = {
						CreatedOnToolsVersion = 9.2;
						ProvisioningStyle = Automatic;
						TestTargetID = 4C5D87CF1FE2502A00D42257;
					};
				};
			};
			buildConfigurationList = 4C5D87CB1FE2502A00D42257 /* Build configuration list for PBXProject "KiQRCodeTool" */;
			compatibilityVersion = "Xcode 8.0";
			developmentRegion = en;
			hasScannedForEncodings = 0;
			knownRegions = (
				en,
				Base,
			);
			mainGroup = 4C5D87C71FE2502A00D42257;
			productRefGroup = 4C5D87D11FE2502A00D42257 /* Products */;
			projectDirPath = "";
			projectRoot = "";
			targets = (
				4C5D87CF1FE2502A00D42257 /* KiQRCodeTool */,
				4C5D87E31FE2502A00D42257 /* KiQRCodeToolTests */,
				4C5D87EE1FE2502B00D42257 /* KiQRCodeToolUITests */,
			);
		};
/* End PBXProject section */

/* Begin PBXResourcesBuildPhase section */
		4C5D87CE1FE2502A00D42257 /* Resources */ = {
			isa = PBXResourcesBuildPhase;
			buildActionMask = 2147483647;
			files = (
				4C5D87DE1FE2502A00D42257 /* LaunchScreen.storyboard in Resources */,
				4C5D87DB1FE2502A00D42257 /* Assets.xcassets in Resources */,
				4C5D87D91FE2502A00D42257 /* Main.storyboard in Resources */,
			);
			runOnlyForDeploymentPostprocessing = 0;
		};
		4C5D87E21FE2502A00D42257 /* Resources */ = {
			isa = PBXResourcesBuildPhase;
			buildActionMask = 2147483647;
			files = (
			);
			runOnlyForDeploymentPostprocessing = 0;
		};
		4C5D87ED1FE2502B00D42257 /* Resources */ = {
			isa = PBXResourcesBuildPhase;
			buildActionMask = 2147483647;
			files = (
			);
			runOnlyForDeploymentPostprocessing = 0;
		};
/* End PBXResourcesBuildPhase section */

/* Begin PBXSourcesBuildPhase section */
		4C5D87CC1FE2502A00D42257 /* Sources */ = {
			isa = PBXSourcesBuildPhase;
			buildActionMask = 2147483647;
			files = (
				4C1B52AA1FE261C40051AAEA /* KiQRCodeViewController.swift in Sources */,
				4C5D88031FE2507C00D42257 /* KiQRCodeView.swift in Sources */,
				4C5D87D61FE2502A00D42257 /* ViewController.swift in Sources */,
				4C5D87D41FE2502A00D42257 /* AppDelegate.swift in Sources */,
			);
			runOnlyForDeploymentPostprocessing = 0;
		};
		4C5D87E01FE2502A00D42257 /* Sources */ = {
			isa = PBXSourcesBuildPhase;
			buildActionMask = 2147483647;
			files = (
				4C5D87E91FE2502A00D42257 /* KiQRCodeToolTests.swift in Sources */,
			);
			runOnlyForDeploymentPostprocessing = 0;
		};
		4C5D87EB1FE2502B00D42257 /* Sources */ = {
			isa = PBXSourcesBuildPhase;
			buildActionMask = 2147483647;
			files = (
				4C5D87F41FE2502B00D42257 /* KiQRCodeToolUITests.swift in Sources */,
			);
			runOnlyForDeploymentPostprocessing = 0;
		};
/* End PBXSourcesBuildPhase section */

/* Begin PBXTargetDependency section */
		4C5D87E61FE2502A00D42257 /* PBXTargetDependency */ = {
			isa = PBXTargetDependency;
			target = 4C5D87CF1FE2502A00D42257 /* KiQRCodeTool */;
			targetProxy = 4C5D87E51FE2502A00D42257 /* PBXContainerItemProxy */;
		};
		4C5D87F11FE2502B00D42257 /* PBXTargetDependency */ = {
			isa = PBXTargetDependency;
			target = 4C5D87CF1FE2502A00D42257 /* KiQRCodeTool */;
			targetProxy = 4C5D87F01FE2502B00D42257 /* PBXContainerItemProxy */;
		};
/* End PBXTargetDependency section */

/* Begin PBXVariantGroup section */
		4C5D87D71FE2502A00D42257 /* Main.storyboard */ = {
			isa = PBXVariantGroup;
			children = (
				4C5D87D81FE2502A00D42257 /* Base */,
			);
			name = Main.storyboard;
			sourceTree = "<group>";
		};
		4C5D87DC1FE2502A00D42257 /* LaunchScreen.storyboard */ = {
			isa = PBXVariantGroup;
			children = (
				4C5D87DD1FE2502A00D42257 /* Base */,
			);
			name = LaunchScreen.storyboard;
			sourceTree = "<group>";
		};
/* End PBXVariantGroup section */

/* Begin XCBuildConfiguration section */
		4C5D87F61FE2502B00D42257 /* Debug */ = {
			isa = XCBuildConfiguration;
			buildSettings = {
				ALWAYS_SEARCH_USER_PATHS = NO;
				CLANG_ANALYZER_NONNULL = YES;
				CLANG_ANALYZER_NUMBER_OBJECT_CONVERSION = YES_AGGRESSIVE;
				CLANG_CXX_LANGUAGE_STANDARD = "gnu++14";
				CLANG_CXX_LIBRARY = "libc++";
				CLANG_ENABLE_MODULES = YES;
				CLANG_ENABLE_OBJC_ARC = YES;
				CLANG_WARN_BLOCK_CAPTURE_AUTORELEASING = YES;
				CLANG_WARN_BOOL_CONVERSION = YES;
				CLANG_WARN_COMMA = YES;
				CLANG_WARN_CONSTANT_CONVERSION = YES;
				CLANG_WARN_DIRECT_OBJC_ISA_USAGE = YES_ERROR;
				CLANG_WARN_DOCUMENTATION_COMMENTS = YES;
				CLANG_WARN_EMPTY_BODY = YES;
				CLANG_WARN_ENUM_CONVERSION = YES;
				CLANG_WARN_INFINITE_RECURSION = YES;
				CLANG_WARN_INT_CONVERSION = YES;
				CLANG_WARN_NON_LITERAL_NULL_CONVERSION = YES;
				CLANG_WARN_OBJC_LITERAL_CONVERSION = YES;
				CLANG_WARN_OBJC_ROOT_CLASS = YES_ERROR;
				CLANG_WARN_RANGE_LOOP_ANALYSIS = YES;
				CLANG_WARN_STRICT_PROTOTYPES = YES;
				CLANG_WARN_SUSPICIOUS_MOVE = YES;
				CLANG_WARN_UNGUARDED_AVAILABILITY = YES_AGGRESSIVE;
				CLANG_WARN_UNREACHABLE_CODE = YES;
				CLANG_WARN__DUPLICATE_METHOD_MATCH = YES;
				CODE_SIGN_IDENTITY = "iPhone Developer";
				COPY_PHASE_STRIP = NO;
				DEBUG_INFORMATION_FORMAT = dwarf;
				ENABLE_STRICT_OBJC_MSGSEND = YES;
				ENABLE_TESTABILITY = YES;
				GCC_C_LANGUAGE_STANDARD = gnu11;
				GCC_DYNAMIC_NO_PIC = NO;
				GCC_NO_COMMON_BLOCKS = YES;
				GCC_OPTIMIZATION_LEVEL = 0;
				GCC_PREPROCESSOR_DEFINITIONS = (
					"DEBUG=1",
					"$(inherited)",
				);
				GCC_WARN_64_TO_32_BIT_CONVERSION = YES;
				GCC_WARN_ABOUT_RETURN_TYPE = YES_ERROR;
				GCC_WARN_UNDECLARED_SELECTOR = YES;
				GCC_WARN_UNINITIALIZED_AUTOS = YES_AGGRESSIVE;
				GCC_WARN_UNUSED_FUNCTION = YES;
				GCC_WARN_UNUSED_VARIABLE = YES;
				IPHONEOS_DEPLOYMENT_TARGET = 11.2;
				MTL_ENABLE_DEBUG_INFO = YES;
				ONLY_ACTIVE_ARCH = YES;
				SDKROOT = iphoneos;
				SWIFT_ACTIVE_COMPILATION_CONDITIONS = DEBUG;
				SWIFT_OPTIMIZATION_LEVEL = "-Onone";
			};
			name = Debug;
		};
		4C5D87F71FE2502B00D42257 /* Release */ = {
			isa = XCBuildConfiguration;
			buildSettings = {
				ALWAYS_SEARCH_USER_PATHS = NO;
				CLANG_ANALYZER_NONNULL = YES;
				CLANG_ANALYZER_NUMBER_OBJECT_CONVERSION = YES_AGGRESSIVE;
				CLANG_CXX_LANGUAGE_STANDARD = "gnu++14";
				CLANG_CXX_LIBRARY = "libc++";
				CLANG_ENABLE_MODULES = YES;
				CLANG_ENABLE_OBJC_ARC = YES;
				CLANG_WARN_BLOCK_CAPTURE_AUTORELEASING = YES;
				CLANG_WARN_BOOL_CONVERSION = YES;
				CLANG_WARN_COMMA = YES;
				CLANG_WARN_CONSTANT_CONVERSION = YES;
				CLANG_WARN_DIRECT_OBJC_ISA_USAGE = YES_ERROR;
				CLANG_WARN_DOCUMENTATION_COMMENTS = YES;
				CLANG_WARN_EMPTY_BODY = YES;
				CLANG_WARN_ENUM_CONVERSION = YES;
				CLANG_WARN_INFINITE_RECURSION = YES;
				CLANG_WARN_INT_CONVERSION = YES;
				CLANG_WARN_NON_LITERAL_NULL_CONVERSION = YES;
				CLANG_WARN_OBJC_LITERAL_CONVERSION = YES;
				CLANG_WARN_OBJC_ROOT_CLASS = YES_ERROR;
				CLANG_WARN_RANGE_LOOP_ANALYSIS = YES;
				CLANG_WARN_STRICT_PROTOTYPES = YES;
				CLANG_WARN_SUSPICIOUS_MOVE = YES;
				CLANG_WARN_UNGUARDED_AVAILABILITY = YES_AGGRESSIVE;
				CLANG_WARN_UNREACHABLE_CODE = YES;
				CLANG_WARN__DUPLICATE_METHOD_MATCH = YES;
				CODE_SIGN_IDENTITY = "iPhone Developer";
				COPY_PHASE_STRIP = NO;
				DEBUG_INFORMATION_FORMAT = "dwarf-with-dsym";
				ENABLE_NS_ASSERTIONS = NO;
				ENABLE_STRICT_OBJC_MSGSEND = YES;
				GCC_C_LANGUAGE_STANDARD = gnu11;
				GCC_NO_COMMON_BLOCKS = YES;
				GCC_WARN_64_TO_32_BIT_CONVERSION = YES;
				GCC_WARN_ABOUT_RETURN_TYPE = YES_ERROR;
				GCC_WARN_UNDECLARED_SELECTOR = YES;
				GCC_WARN_UNINITIALIZED_AUTOS = YES_AGGRESSIVE;
				GCC_WARN_UNUSED_FUNCTION = YES;
				GCC_WARN_UNUSED_VARIABLE = YES;
				IPHONEOS_DEPLOYMENT_TARGET = 11.2;
				MTL_ENABLE_DEBUG_INFO = NO;
				SDKROOT = iphoneos;
				SWIFT_OPTIMIZATION_LEVEL = "-Owholemodule";
				VALIDATE_PRODUCT = YES;
			};
			name = Release;
		};
		4C5D87F91FE2502B00D42257 /* Debug */ = {
			isa = XCBuildConfiguration;
			buildSettings = {
				ASSETCATALOG_COMPILER_APPICON_NAME = AppIcon;
				CODE_SIGN_STYLE = Automatic;
				DEVELOPMENT_TEAM = ZXV6VE2UUN;
				INFOPLIST_FILE = KiQRCodeTool/Info.plist;
				IPHONEOS_DEPLOYMENT_TARGET = 9.0;
				LD_RUNPATH_SEARCH_PATHS = "$(inherited) @executable_path/Frameworks";
				PRODUCT_BUNDLE_IDENTIFIER = "--.KiQRCodeTool";
				PRODUCT_NAME = "$(TARGET_NAME)";
				SWIFT_VERSION = 4.0;
				TARGETED_DEVICE_FAMILY = "1,2";
			};
			name = Debug;
		};
		4C5D87FA1FE2502B00D42257 /* Release */ = {
			isa = XCBuildConfiguration;
			buildSettings = {
				ASSETCATALOG_COMPILER_APPICON_NAME = AppIcon;
				CODE_SIGN_STYLE = Automatic;
				DEVELOPMENT_TEAM = ZXV6VE2UUN;
				INFOPLIST_FILE = KiQRCodeTool/Info.plist;
				IPHONEOS_DEPLOYMENT_TARGET = 9.0;
				LD_RUNPATH_SEARCH_PATHS = "$(inherited) @executable_path/Frameworks";
				PRODUCT_BUNDLE_IDENTIFIER = "--.KiQRCodeTool";
				PRODUCT_NAME = "$(TARGET_NAME)";
				SWIFT_VERSION = 4.0;
				TARGETED_DEVICE_FAMILY = "1,2";
			};
			name = Release;
		};
		4C5D87FC1FE2502B00D42257 /* Debug */ = {
			isa = XCBuildConfiguration;
			buildSettings = {
				ALWAYS_EMBED_SWIFT_STANDARD_LIBRARIES = YES;
				BUNDLE_LOADER = "$(TEST_HOST)";
				CODE_SIGN_STYLE = Automatic;
				DEVELOPMENT_TEAM = ZXV6VE2UUN;
				INFOPLIST_FILE = KiQRCodeToolTests/Info.plist;
				LD_RUNPATH_SEARCH_PATHS = "$(inherited) @executable_path/Frameworks @loader_path/Frameworks";
				PRODUCT_BUNDLE_IDENTIFIER = "--.KiQRCodeToolTests";
				PRODUCT_NAME = "$(TARGET_NAME)";
				SWIFT_VERSION = 4.0;
				TARGETED_DEVICE_FAMILY = "1,2";
				TEST_HOST = "$(BUILT_PRODUCTS_DIR)/KiQRCodeTool.app/KiQRCodeTool";
			};
			name = Debug;
		};
		4C5D87FD1FE2502B00D42257 /* Release */ = {
			isa = XCBuildConfiguration;
			buildSettings = {
				ALWAYS_EMBED_SWIFT_STANDARD_LIBRARIES = YES;
				BUNDLE_LOADER = "$(TEST_HOST)";
				CODE_SIGN_STYLE = Automatic;
				DEVELOPMENT_TEAM = ZXV6VE2UUN;
				INFOPLIST_FILE = KiQRCodeToolTests/Info.plist;
				LD_RUNPATH_SEARCH_PATHS = "$(inherited) @executable_path/Frameworks @loader_path/Frameworks";
				PRODUCT_BUNDLE_IDENTIFIER = "--.KiQRCodeToolTests";
				PRODUCT_NAME = "$(TARGET_NAME)";
				SWIFT_VERSION = 4.0;
				TARGETED_DEVICE_FAMILY = "1,2";
				TEST_HOST = "$(BUILT_PRODUCTS_DIR)/KiQRCodeTool.app/KiQRCodeTool";
			};
			name = Release;
		};
		4C5D87FF1FE2502B00D42257 /* Debug */ = {
			isa = XCBuildConfiguration;
			buildSettings = {
				ALWAYS_EMBED_SWIFT_STANDARD_LIBRARIES = YES;
				CODE_SIGN_STYLE = Automatic;
				DEVELOPMENT_TEAM = ZXV6VE2UUN;
				INFOPLIST_FILE = KiQRCodeToolUITests/Info.plist;
				LD_RUNPATH_SEARCH_PATHS = "$(inherited) @executable_path/Frameworks @loader_path/Frameworks";
				PRODUCT_BUNDLE_IDENTIFIER = "--.KiQRCodeToolUITests";
				PRODUCT_NAME = "$(TARGET_NAME)";
				SWIFT_VERSION = 4.0;
				TARGETED_DEVICE_FAMILY = "1,2";
				TEST_TARGET_NAME = KiQRCodeTool;
			};
			name = Debug;
		};
		4C5D88001FE2502B00D42257 /* Release */ = {
			isa = XCBuildConfiguration;
			buildSettings = {
				ALWAYS_EMBED_SWIFT_STANDARD_LIBRARIES = YES;
				CODE_SIGN_STYLE = Automatic;
				DEVELOPMENT_TEAM = ZXV6VE2UUN;
				INFOPLIST_FILE = KiQRCodeToolUITests/Info.plist;
				LD_RUNPATH_SEARCH_PATHS = "$(inherited) @executable_path/Frameworks @loader_path/Frameworks";
				PRODUCT_BUNDLE_IDENTIFIER = "--.KiQRCodeToolUITests";
				PRODUCT_NAME = "$(TARGET_NAME)";
				SWIFT_VERSION = 4.0;
				TARGETED_DEVICE_FAMILY = "1,2";
				TEST_TARGET_NAME = KiQRCodeTool;
			};
			name = Release;
		};
/* End XCBuildConfiguration section */

/* Begin XCConfigurationList section */
		4C5D87CB1FE2502A00D42257 /* Build configuration list for PBXProject "KiQRCodeTool" */ = {
			isa = XCConfigurationList;
			buildConfigurations = (
				4C5D87F61FE2502B00D42257 /* Debug */,
				4C5D87F71FE2502B00D42257 /* Release */,
			);
			defaultConfigurationIsVisible = 0;
			defaultConfigurationName = Release;
		};
		4C5D87F81FE2502B00D42257 /* Build configuration list for PBXNativeTarget "KiQRCodeTool" */ = {
			isa = XCConfigurationList;
			buildConfigurations = (
				4C5D87F91FE2502B00D42257 /* Debug */,
				4C5D87FA1FE2502B00D42257 /* Release */,
			);
			defaultConfigurationIsVisible = 0;
			defaultConfigurationName = Release;
		};
		4C5D87FB1FE2502B00D42257 /* Build configuration list for PBXNativeTarget "KiQRCodeToolTests" */ = {
			isa = XCConfigurationList;
			buildConfigurations = (
				4C5D87FC1FE2502B00D42257 /* Debug */,
				4C5D87FD1FE2502B00D42257 /* Release */,
			);
			defaultConfigurationIsVisible = 0;
			defaultConfigurationName = Release;
		};
		4C5D87FE1FE2502B00D42257 /* Build configuration list for PBXNativeTarget "KiQRCodeToolUITests" */ = {
			isa = XCConfigurationList;
			buildConfigurations = (
				4C5D87FF1FE2502B00D42257 /* Debug */,
				4C5D88001FE2502B00D42257 /* Release */,
			);
			defaultConfigurationIsVisible = 0;
			defaultConfigurationName = Release;
		};
/* End XCConfigurationList section */
	};
	rootObject = 4C5D87C81FE2502A00D42257 /* Project object */;
}
